
Microsoft Visual Studio Solution File, Format Version 12.00
# Visual Studio Version 17
VisualStudioVersion = 17.5.2.0
MinimumVisualStudioVersion = 10.0.40219.1
Project("{FAE04EC0-301F-11D3-BF4B-00C04F79EFBC}") = "PostalCodeKR", "PostalCodeKR\PostalCodeKR.csproj", "{91165712-B4F7-473D-E0D9-35F5CCA85370}"
EndProject
Project("{FAE04EC0-301F-11D3-BF4B-00C04F79EFBC}") = "PostalCodeKRTest", "..\test\PostalCodeKRTest\PostalCodeKRTest.csproj", "{2B9943FA-46BB-4856-BB2D-D79BFE17115C}"
EndProject
Global
	GlobalSection(SolutionConfigurationPlatforms) = preSolution
		Debug|Any CPU = Debug|Any CPU
		Debug|x64 = Debug|x64
		Debug|x86 = Debug|x86
		Release|Any CPU = Release|Any CPU
		Release|x64 = Release|x64
		Release|x86 = Release|x86
	EndGlobalSection
	GlobalSection(ProjectConfigurationPlatforms) = postSolution
		{91165712-B4F7-473D-E0D9-35F5CCA85370}.Debug|Any CPU.ActiveCfg = Debug|Any CPU
		{91165712-B4F7-473D-E0D9-35F5CCA85370}.Debug|Any CPU.Build.0 = Debug|Any CPU
		{91165712-B4F7-473D-E0D9-35F5CCA85370}.Debug|x64.ActiveCfg = Debug|Any CPU
		{91165712-B4F7-473D-E0D9-35F5CCA85370}.Debug|x64.Build.0 = Debug|Any CPU
		{91165712-B4F7-473D-E0D9-35F5CCA85370}.Debug|x86.ActiveCfg = Debug|Any CPU
		{91165712-B4F7-473D-E0D9-35F5CCA85370}.Debug|x86.Build.0 = Debug|Any CPU
		{91165712-B4F7-473D-E0D9-35F5CCA85370}.Release|Any CPU.ActiveCfg = Release|Any CPU
		{91165712-B4F7-473D-E0D9-35F5CCA85370}.Release|Any CPU.Build.0 = Release|Any CPU
		{91165712-B4F7-473D-E0D9-35F5CCA85370}.Release|x64.ActiveCfg = Release|Any CPU
		{91165712-B4F7-473D-E0D9-35F5CCA85370}.Release|x64.Build.0 = Release|Any CPU
		{91165712-B4F7-473D-E0D9-35F5CCA85370}.Release|x86.ActiveCfg = Release|Any CPU
		{91165712-B4F7-473D-E0D9-35F5CCA85370}.Release|x86.Build.0 = Release|Any CPU
		{2B9943FA-46BB-4856-BB2D-D79BFE17115C}.Debug|Any CPU.ActiveCfg = Debug|Any CPU
		{2B9943FA-46BB-4856-BB2D-D79BFE17115C}.Debug|Any CPU.Build.0 = Debug|Any CPU
		{2B9943FA-46BB-4856-BB2D-D79BFE17115C}.Debug|x64.ActiveCfg = Debug|Any CPU
		{2B9943FA-46BB-4856-BB2D-D79BFE17115C}.Debug|x64.Build.0 = Debug|Any CPU
		{2B9943FA-46BB-4856-BB2D-D79BFE17115C}.Debug|x86.ActiveCfg = Debug|Any CPU
		{2B9943FA-46BB-4856-BB2D-D79BFE17115C}.Debug|x86.Build.0 = Debug|Any CPU
		{2B9943FA-46BB-4856-BB2D-D79BFE17115C}.Release|Any CPU.ActiveCfg = Release|Any CPU
		{2B9943FA-46BB-4856-BB2D-D79BFE17115C}.Release|Any CPU.Build.0 = Release|Any CPU
		{2B9943FA-46BB-4856-BB2D-D79BFE17115C}.Release|x64.ActiveCfg = Release|Any CPU
		{2B9943FA-46BB-4856-BB2D-D79BFE17115C}.Release|x64.Build.0 = Release|Any CPU
		{2B9943FA-46BB-4856-BB2D-D79BFE17115C}.Release|x86.ActiveCfg = Release|Any CPU
		{2B9943FA-46BB-4856-BB2D-D79BFE17115C}.Release|x86.Build.0 = Release|Any CPU
	EndGlobalSection
	GlobalSection(SolutionProperties) = preSolution
		HideSolutionNode = FALSE
	EndGlobalSection
	GlobalSection(ExtensibilityGlobals) = postSolution
		SolutionGuid = {505E64DB-1C09-4ABC-857A-A6AFEDB4CA5D}
	EndGlobalSection
EndGlobal
